
Microsoft Visual Studio Solution File, Format Version 12.00
# Visual Studio Version 16
VisualStudioVersion = 16.0.32002.261
MinimumVisualStudioVersion = 10.0.40219.1
Project("{FAE04EC0-301F-11D3-BF4B-00C04F79EFBC}") = "SokolExample", "SokolExample.csproj", "{89347FC1-7D5F-46DF-B28E-588AAA5A177D}"
EndProject
Global
	GlobalSection(SolutionConfigurationPlatforms) = preSolution
		Debug|Any CPU = Debug|Any CPU
		Release|Any CPU = Release|Any CPU
	EndGlobalSection
	GlobalSection(ProjectConfigurationPlatforms) = postSolution
		{89347FC1-7D5F-46DF-B28E-588AAA5A177D}.Debug|Any CPU.ActiveCfg = Debug|Any CPU
		{89347FC1-7D5F-46DF-B28E-588AAA5A177D}.Debug|Any CPU.Build.0 = Debug|Any CPU
		{89347FC1-7D5F-46DF-B28E-588AAA5A177D}.Release|Any CPU.ActiveCfg = Release|Any CPU
		{89347FC1-7D5F-46DF-B28E-588AAA5A177D}.Release|Any CPU.Build.0 = Release|Any CPU
	EndGlobalSection
	GlobalSection(SolutionProperties) = preSolution
		HideSolutionNode = FALSE
	EndGlobalSection
	GlobalSection(ExtensibilityGlobals) = postSolution
		SolutionGuid = {E07B0F20-0020-4BC7-AB92-E120693B3326}
	EndGlobalSection
EndGlobal
