
Microsoft Visual Studio Solution File, Format Version 12.00
# Visual Studio Version 16
VisualStudioVersion = 16.0.31105.61
MinimumVisualStudioVersion = 10.0.40219.1
Project("{9A19103F-16F7-4668-BE54-9A1E7A4F7556}") = "MeltySynth", "MeltySynth\MeltySynth.csproj", "{D4D19876-640D-4DFA-9DF3-00C6FB066365}"
EndProject
Project("{9A19103F-16F7-4668-BE54-9A1E7A4F7556}") = "Workspace", "Workspace\Workspace.csproj", "{2F895EFB-609C-41A6-A114-E6E407CACE01}"
EndProject
Project("{FAE04EC0-301F-11D3-BF4B-00C04F79EFBC}") = "MeltySynthTest", "MeltySynthTest\MeltySynthTest.csproj", "{137B642A-406B-4A7B-908D-BF253F2342D9}"
EndProject
Global
	GlobalSection(SolutionConfigurationPlatforms) = preSolution
		Debug|Any CPU = Debug|Any CPU
		Release|Any CPU = Release|Any CPU
	EndGlobalSection
	GlobalSection(ProjectConfigurationPlatforms) = postSolution
		{D4D19876-640D-4DFA-9DF3-00C6FB066365}.Debug|Any CPU.ActiveCfg = Debug|Any CPU
		{D4D19876-640D-4DFA-9DF3-00C6FB066365}.Debug|Any CPU.Build.0 = Debug|Any CPU
		{D4D19876-640D-4DFA-9DF3-00C6FB066365}.Release|Any CPU.ActiveCfg = Release|Any CPU
		{D4D19876-640D-4DFA-9DF3-00C6FB066365}.Release|Any CPU.Build.0 = Release|Any CPU
		{2F895EFB-609C-41A6-A114-E6E407CACE01}.Debug|Any CPU.ActiveCfg = Debug|Any CPU
		{2F895EFB-609C-41A6-A114-E6E407CACE01}.Debug|Any CPU.Build.0 = Debug|Any CPU
		{2F895EFB-609C-41A6-A114-E6E407CACE01}.Release|Any CPU.ActiveCfg = Release|Any CPU
		{2F895EFB-609C-41A6-A114-E6E407CACE01}.Release|Any CPU.Build.0 = Release|Any CPU
		{137B642A-406B-4A7B-908D-BF253F2342D9}.Debug|Any CPU.ActiveCfg = Debug|Any CPU
		{137B642A-406B-4A7B-908D-BF253F2342D9}.Debug|Any CPU.Build.0 = Debug|Any CPU
		{137B642A-406B-4A7B-908D-BF253F2342D9}.Release|Any CPU.ActiveCfg = Release|Any CPU
		{137B642A-406B-4A7B-908D-BF253F2342D9}.Release|Any CPU.Build.0 = Release|Any CPU
	EndGlobalSection
	GlobalSection(SolutionProperties) = preSolution
		HideSolutionNode = FALSE
	EndGlobalSection
	GlobalSection(ExtensibilityGlobals) = postSolution
		SolutionGuid = {6906AA91-EDB9-4D44-AF1F-44922AF84408}
	EndGlobalSection
EndGlobal
