
Microsoft Visual Studio Solution File, Format Version 12.00
# Visual Studio Version 17
VisualStudioVersion = 17.13.35617.110 d17.13
MinimumVisualStudioVersion = 10.0.40219.1
Project("{FAE04EC0-301F-11D3-BF4B-00C04F79EFBC}") = "SoundFlowExample", "SoundFlowExample.csproj", "{7FB6EFC7-7AF4-45B1-B964-FD456ECF7E56}"
EndProject
Global
	GlobalSection(SolutionConfigurationPlatforms) = preSolution
		Debug|Any CPU = Debug|Any CPU
		Release|Any CPU = Release|Any CPU
	EndGlobalSection
	GlobalSection(ProjectConfigurationPlatforms) = postSolution
		{7FB6EFC7-7AF4-45B1-B964-FD456ECF7E56}.Debug|Any CPU.ActiveCfg = Debug|Any CPU
		{7FB6EFC7-7AF4-45B1-B964-FD456ECF7E56}.Debug|Any CPU.Build.0 = Debug|Any CPU
		{7FB6EFC7-7AF4-45B1-B964-FD456ECF7E56}.Release|Any CPU.ActiveCfg = Release|Any CPU
		{7FB6EFC7-7AF4-45B1-B964-FD456ECF7E56}.Release|Any CPU.Build.0 = Release|Any CPU
	EndGlobalSection
	GlobalSection(SolutionProperties) = preSolution
		HideSolutionNode = FALSE
	EndGlobalSection
	GlobalSection(ExtensibilityGlobals) = postSolution
		SolutionGuid = {F3A6181A-57E6-40BE-9755-A79E14365832}
	EndGlobalSection
EndGlobal
