
Microsoft Visual Studio Solution File, Format Version 12.00
# Visual Studio Version 16
VisualStudioVersion = 16.0.31911.196
MinimumVisualStudioVersion = 10.0.40219.1
Project("{FAE04EC0-301F-11D3-BF4B-00C04F79EFBC}") = "Raylib_CsLoExample", "Raylib_CsLoExample.csproj", "{734184C1-2DFA-4EB9-892C-4A0AEA89F38E}"
EndProject
Global
	GlobalSection(SolutionConfigurationPlatforms) = preSolution
		Debug|Any CPU = Debug|Any CPU
		Release|Any CPU = Release|Any CPU
	EndGlobalSection
	GlobalSection(ProjectConfigurationPlatforms) = postSolution
		{734184C1-2DFA-4EB9-892C-4A0AEA89F38E}.Debug|Any CPU.ActiveCfg = Debug|Any CPU
		{734184C1-2DFA-4EB9-892C-4A0AEA89F38E}.Debug|Any CPU.Build.0 = Debug|Any CPU
		{734184C1-2DFA-4EB9-892C-4A0AEA89F38E}.Release|Any CPU.ActiveCfg = Release|Any CPU
		{734184C1-2DFA-4EB9-892C-4A0AEA89F38E}.Release|Any CPU.Build.0 = Release|Any CPU
	EndGlobalSection
	GlobalSection(SolutionProperties) = preSolution
		HideSolutionNode = FALSE
	EndGlobalSection
	GlobalSection(ExtensibilityGlobals) = postSolution
		SolutionGuid = {A7D3DC45-D39D-4F3F-8D9A-2A0CD057A6A8}
	EndGlobalSection
EndGlobal
