
Microsoft Visual Studio Solution File, Format Version 12.00
# Visual Studio Version 16
VisualStudioVersion = 16.0.31911.196
MinimumVisualStudioVersion = 10.0.40219.1
Project("{FAE04EC0-301F-11D3-BF4B-00C04F79EFBC}") = "MonoGameExample", "MonoGameExample.csproj", "{BE0C8198-EBA7-4E4F-9239-F2BF7DF8DC8C}"
EndProject
Global
	GlobalSection(SolutionConfigurationPlatforms) = preSolution
		Debug|Any CPU = Debug|Any CPU
		Release|Any CPU = Release|Any CPU
	EndGlobalSection
	GlobalSection(ProjectConfigurationPlatforms) = postSolution
		{BE0C8198-EBA7-4E4F-9239-F2BF7DF8DC8C}.Debug|Any CPU.ActiveCfg = Debug|Any CPU
		{BE0C8198-EBA7-4E4F-9239-F2BF7DF8DC8C}.Debug|Any CPU.Build.0 = Debug|Any CPU
		{BE0C8198-EBA7-4E4F-9239-F2BF7DF8DC8C}.Release|Any CPU.ActiveCfg = Release|Any CPU
		{BE0C8198-EBA7-4E4F-9239-F2BF7DF8DC8C}.Release|Any CPU.Build.0 = Release|Any CPU
	EndGlobalSection
	GlobalSection(SolutionProperties) = preSolution
		HideSolutionNode = FALSE
	EndGlobalSection
	GlobalSection(ExtensibilityGlobals) = postSolution
		SolutionGuid = {E270E390-475A-4E37-9722-06448F57B41F}
	EndGlobalSection
EndGlobal
