
Microsoft Visual Studio Solution File, Format Version 12.00
# Visual Studio Version 16
VisualStudioVersion = 16.0.31410.357
MinimumVisualStudioVersion = 10.0.40219.1
Project("{FAE04EC0-301F-11D3-BF4B-00C04F79EFBC}") = "OpenTKExample", "OpenTKExample.csproj", "{D211AF29-6A55-4BDD-986A-628454FC0CAF}"
EndProject
Global
	GlobalSection(SolutionConfigurationPlatforms) = preSolution
		Debug|Any CPU = Debug|Any CPU
		Release|Any CPU = Release|Any CPU
	EndGlobalSection
	GlobalSection(ProjectConfigurationPlatforms) = postSolution
		{D211AF29-6A55-4BDD-986A-628454FC0CAF}.Debug|Any CPU.ActiveCfg = Debug|Any CPU
		{D211AF29-6A55-4BDD-986A-628454FC0CAF}.Debug|Any CPU.Build.0 = Debug|Any CPU
		{D211AF29-6A55-4BDD-986A-628454FC0CAF}.Release|Any CPU.ActiveCfg = Release|Any CPU
		{D211AF29-6A55-4BDD-986A-628454FC0CAF}.Release|Any CPU.Build.0 = Release|Any CPU
	EndGlobalSection
	GlobalSection(SolutionProperties) = preSolution
		HideSolutionNode = FALSE
	EndGlobalSection
	GlobalSection(ExtensibilityGlobals) = postSolution
		SolutionGuid = {2B59A627-5CA8-441E-AC0F-BFA6F5D7432B}
	EndGlobalSection
EndGlobal
