
Microsoft Visual Studio Solution File, Format Version 12.00
# Visual Studio Version 16
VisualStudioVersion = 16.0.31911.196
MinimumVisualStudioVersion = 10.0.40219.1
Project("{FAE04EC0-301F-11D3-BF4B-00C04F79EFBC}") = "TinyAudioExample", "TinyAudioExample.csproj", "{4F04F558-7EA2-43D2-8771-0C4658610EA4}"
EndProject
Global
	GlobalSection(SolutionConfigurationPlatforms) = preSolution
		Debug|Any CPU = Debug|Any CPU
		Release|Any CPU = Release|Any CPU
	EndGlobalSection
	GlobalSection(ProjectConfigurationPlatforms) = postSolution
		{4F04F558-7EA2-43D2-8771-0C4658610EA4}.Debug|Any CPU.ActiveCfg = Debug|Any CPU
		{4F04F558-7EA2-43D2-8771-0C4658610EA4}.Debug|Any CPU.Build.0 = Debug|Any CPU
		{4F04F558-7EA2-43D2-8771-0C4658610EA4}.Release|Any CPU.ActiveCfg = Release|Any CPU
		{4F04F558-7EA2-43D2-8771-0C4658610EA4}.Release|Any CPU.Build.0 = Release|Any CPU
	EndGlobalSection
	GlobalSection(SolutionProperties) = preSolution
		HideSolutionNode = FALSE
	EndGlobalSection
	GlobalSection(ExtensibilityGlobals) = postSolution
		SolutionGuid = {248D477A-DD2A-4406-8D85-9F21AC3B16E6}
	EndGlobalSection
EndGlobal
